
Microsoft Visual Studio Solution File, Format Version 12.00
# Visual Studio Version 17
VisualStudioVersion = 17.11.35312.102
MinimumVisualStudioVersion = 10.0.40219.1
Project("{FAE04EC0-301F-11D3-BF4B-00C04F79EFBC}") = "Santa", "Santa\Santa.csproj", "{D99F2C5D-EC17-4C3B-AF90-1AE760163292}"
EndProject
Global
	GlobalSection(SolutionConfigurationPlatforms) = preSolution
		Debug|Any CPU = Debug|Any CPU
		Release|Any CPU = Release|Any CPU
	EndGlobalSection
	GlobalSection(ProjectConfigurationPlatforms) = postSolution
		{D99F2C5D-EC17-4C3B-AF90-1AE760163292}.Debug|Any CPU.ActiveCfg = Debug|Any CPU
		{D99F2C5D-EC17-4C3B-AF90-1AE760163292}.Debug|Any CPU.Build.0 = Debug|Any CPU
		{D99F2C5D-EC17-4C3B-AF90-1AE760163292}.Release|Any CPU.ActiveCfg = Release|Any CPU
		{D99F2C5D-EC17-4C3B-AF90-1AE760163292}.Release|Any CPU.Build.0 = Release|Any CPU
	EndGlobalSection
	GlobalSection(SolutionProperties) = preSolution
		HideSolutionNode = FALSE
	EndGlobalSection
	GlobalSection(ExtensibilityGlobals) = postSolution
		SolutionGuid = {819E517D-4A65-4076-985C-281EA18B9443}
	EndGlobalSection
EndGlobal
